
Microsoft Visual Studio Solution File, Format Version 12.00
# Visual Studio 15
VisualStudioVersion = 15.0.28010.2048
MinimumVisualStudioVersion = 10.0.40219.1
Project("{F184B08F-C81C-45F6-A57F-5ABD9991F28F}") = "Warframe Util", "App\Warframe Util\Warframe Util.vbproj", "{E5BF1E71-78EF-4586-BEDD-6DD5D15F1B5E}"
EndProject
Project("{F184B08F-C81C-45F6-A57F-5ABD9991F28F}") = "EHP Calculator", "Extensions\EHP Calculator\EHP Calculator\EHP Calculator.vbproj", "{5523D654-07F2-41C9-B0AB-A1E1451CF517}"
EndProject
Project("{F184B08F-C81C-45F6-A57F-5ABD9991F28F}") = "MEFContracts", "App\MEFContracts\MEFContracts.vbproj", "{BF2AC293-D113-49A7-A018-C47A782D9DA0}"
EndProject
Project("{F184B08F-C81C-45F6-A57F-5ABD9991F28F}") = "Relic Reward Info", "Extensions\Relic Reward Info\Relic Reward Info\Relic Reward Info.vbproj", "{E43EED26-6CDD-47F8-8E01-4E738DA6F2B3}"
EndProject
Project("{F184B08F-C81C-45F6-A57F-5ABD9991F28F}") = "Example Extension", "Extensions\Example\Example Extension\Example Extension.vbproj", "{AE8E162B-B503-4905-AA28-29988CC458B9}"
EndProject
Project("{F184B08F-C81C-45F6-A57F-5ABD9991F28F}") = "EHP Calculator Controls", "Extensions\EHP Calculator\EHP Calculator Controls\EHP Calculator Controls.vbproj", "{5B2BA145-B412-49F2-9890-3C7C4D024768}"
EndProject
Project("{2150E333-8FDC-42A3-9474-1A3956D46DE8}") = "EHP Calculator", "EHP Calculator", "{CF8FF715-6B18-4350-AE4D-19C7E96354B3}"
EndProject
Project("{2150E333-8FDC-42A3-9474-1A3956D46DE8}") = "Extensions", "Extensions", "{0A81494F-D7C0-495E-B1CA-AD946F3F7B2B}"
EndProject
Project("{2150E333-8FDC-42A3-9474-1A3956D46DE8}") = "App", "App", "{E5642C3F-E7F0-44B3-9D47-11EF1F1C44A9}"
EndProject
Project("{2150E333-8FDC-42A3-9474-1A3956D46DE8}") = "Example", "Example", "{65222F9E-01A1-4DC4-A8F3-032730C4BDED}"
EndProject
Project("{2150E333-8FDC-42A3-9474-1A3956D46DE8}") = "Relic Reward Info", "Relic Reward Info", "{62CB43BA-1B84-4087-8641-B6C1F07642E2}"
EndProject
Global
	GlobalSection(SolutionConfigurationPlatforms) = preSolution
		Debug|Any CPU = Debug|Any CPU
		Release|Any CPU = Release|Any CPU
	EndGlobalSection
	GlobalSection(ProjectConfigurationPlatforms) = postSolution
		{E5BF1E71-78EF-4586-BEDD-6DD5D15F1B5E}.Debug|Any CPU.ActiveCfg = Debug|Any CPU
		{E5BF1E71-78EF-4586-BEDD-6DD5D15F1B5E}.Debug|Any CPU.Build.0 = Debug|Any CPU
		{E5BF1E71-78EF-4586-BEDD-6DD5D15F1B5E}.Release|Any CPU.ActiveCfg = Release|Any CPU
		{E5BF1E71-78EF-4586-BEDD-6DD5D15F1B5E}.Release|Any CPU.Build.0 = Release|Any CPU
		{5523D654-07F2-41C9-B0AB-A1E1451CF517}.Debug|Any CPU.ActiveCfg = Debug|Any CPU
		{5523D654-07F2-41C9-B0AB-A1E1451CF517}.Debug|Any CPU.Build.0 = Debug|Any CPU
		{5523D654-07F2-41C9-B0AB-A1E1451CF517}.Release|Any CPU.ActiveCfg = Release|Any CPU
		{5523D654-07F2-41C9-B0AB-A1E1451CF517}.Release|Any CPU.Build.0 = Release|Any CPU
		{BF2AC293-D113-49A7-A018-C47A782D9DA0}.Debug|Any CPU.ActiveCfg = Debug|Any CPU
		{BF2AC293-D113-49A7-A018-C47A782D9DA0}.Debug|Any CPU.Build.0 = Debug|Any CPU
		{BF2AC293-D113-49A7-A018-C47A782D9DA0}.Release|Any CPU.ActiveCfg = Release|Any CPU
		{BF2AC293-D113-49A7-A018-C47A782D9DA0}.Release|Any CPU.Build.0 = Release|Any CPU
		{E43EED26-6CDD-47F8-8E01-4E738DA6F2B3}.Debug|Any CPU.ActiveCfg = Debug|Any CPU
		{E43EED26-6CDD-47F8-8E01-4E738DA6F2B3}.Debug|Any CPU.Build.0 = Debug|Any CPU
		{E43EED26-6CDD-47F8-8E01-4E738DA6F2B3}.Release|Any CPU.ActiveCfg = Release|Any CPU
		{E43EED26-6CDD-47F8-8E01-4E738DA6F2B3}.Release|Any CPU.Build.0 = Release|Any CPU
		{AE8E162B-B503-4905-AA28-29988CC458B9}.Debug|Any CPU.ActiveCfg = Debug|Any CPU
		{AE8E162B-B503-4905-AA28-29988CC458B9}.Debug|Any CPU.Build.0 = Debug|Any CPU
		{AE8E162B-B503-4905-AA28-29988CC458B9}.Release|Any CPU.ActiveCfg = Release|Any CPU
		{AE8E162B-B503-4905-AA28-29988CC458B9}.Release|Any CPU.Build.0 = Release|Any CPU
		{5B2BA145-B412-49F2-9890-3C7C4D024768}.Debug|Any CPU.ActiveCfg = Debug|Any CPU
		{5B2BA145-B412-49F2-9890-3C7C4D024768}.Debug|Any CPU.Build.0 = Debug|Any CPU
		{5B2BA145-B412-49F2-9890-3C7C4D024768}.Release|Any CPU.ActiveCfg = Release|Any CPU
		{5B2BA145-B412-49F2-9890-3C7C4D024768}.Release|Any CPU.Build.0 = Release|Any CPU
	EndGlobalSection
	GlobalSection(SolutionProperties) = preSolution
		HideSolutionNode = FALSE
	EndGlobalSection
	GlobalSection(NestedProjects) = preSolution
		{E5BF1E71-78EF-4586-BEDD-6DD5D15F1B5E} = {E5642C3F-E7F0-44B3-9D47-11EF1F1C44A9}
		{5523D654-07F2-41C9-B0AB-A1E1451CF517} = {CF8FF715-6B18-4350-AE4D-19C7E96354B3}
		{BF2AC293-D113-49A7-A018-C47A782D9DA0} = {E5642C3F-E7F0-44B3-9D47-11EF1F1C44A9}
		{E43EED26-6CDD-47F8-8E01-4E738DA6F2B3} = {62CB43BA-1B84-4087-8641-B6C1F07642E2}
		{AE8E162B-B503-4905-AA28-29988CC458B9} = {65222F9E-01A1-4DC4-A8F3-032730C4BDED}
		{5B2BA145-B412-49F2-9890-3C7C4D024768} = {CF8FF715-6B18-4350-AE4D-19C7E96354B3}
		{CF8FF715-6B18-4350-AE4D-19C7E96354B3} = {0A81494F-D7C0-495E-B1CA-AD946F3F7B2B}
		{65222F9E-01A1-4DC4-A8F3-032730C4BDED} = {0A81494F-D7C0-495E-B1CA-AD946F3F7B2B}
		{62CB43BA-1B84-4087-8641-B6C1F07642E2} = {0A81494F-D7C0-495E-B1CA-AD946F3F7B2B}
	EndGlobalSection
	GlobalSection(ExtensibilityGlobals) = postSolution
		SolutionGuid = {4612F29E-8D88-473D-821B-C7A99711B337}
	EndGlobalSection
EndGlobal
